// !$*UTF8*$!
{
	archiveVersion = 1;
	classes = {
	};
	objectVersion = 48;
	objects = {

/* Begin PBXBuildFile section */
		BC5352202044A9F8005E8A9A /* AppDelegate.swift in Sources */ = {isa = PBXBuildFile; fileRef = BC53521F2044A9F8005E8A9A /* AppDelegate.swift */; };
		BC5352222044A9F8005E8A9A /* ViewController.swift in Sources */ = {isa = PBXBuildFile; fileRef = BC5352212044A9F8005E8A9A /* ViewController.swift */; };
		BC5352252044A9F8005E8A9A /* Main.storyboard in Resources */ = {isa = PBXBuildFile; fileRef = BC5352232044A9F8005E8A9A /* Main.storyboard */; };
		BC5352272044A9F8005E8A9A /* Assets.xcassets in Resources */ = {isa = PBXBuildFile; fileRef = BC5352262044A9F8005E8A9A /* Assets.xcassets */; };
		BC53522A2044A9F8005E8A9A /* LaunchScreen.storyboard in Resources */ = {isa = PBXBuildFile; fileRef = BC5352282044A9F8005E8A9A /* LaunchScreen.storyboard */; };
		BC5352322044AACA005E8A9A /* VirtualContentUpdater.swift in Sources */ = {isa = PBXBuildFile; fileRef = BC5352312044AACA005E8A9A /* VirtualContentUpdater.swift */; };
		BC5352342044AC48005E8A9A /* VirtualFaceContent.swift in Sources */ = {isa = PBXBuildFile; fileRef = BC5352332044AC48005E8A9A /* VirtualFaceContent.swift */; };
		BC5352362044AC76005E8A9A /* Mask.swift in Sources */ = {isa = PBXBuildFile; fileRef = BC5352352044AC76005E8A9A /* Mask.swift */; };
		BC5352382044B8D2005E8A9A /* halfred.png in Resources */ = {isa = PBXBuildFile; fileRef = BC5352372044B8D2005E8A9A /* halfred.png */; };
/* End PBXBuildFile section */

/* Begin PBXFileReference section */
		BC53521C2044A9F8005E8A9A /* ARFaceDemo.app */ = {isa = PBXFileReference; explicitFileType = wrapper.application; includeInIndex = 0; path = ARFaceDemo.app; sourceTree = BUILT_PRODUCTS_DIR; };
		BC53521F2044A9F8005E8A9A /* AppDelegate.swift */ = {isa = PBXFileReference; lastKnownFileType = sourcecode.swift; path = AppDelegate.swift; sourceTree = "<group>"; };
		BC5352212044A9F8005E8A9A /* ViewController.swift */ = {isa = PBXFileReference; lastKnownFileType = sourcecode.swift; path = ViewController.swift; sourceTree = "<group>"; };
		BC5352242044A9F8005E8A9A /* Base */ = {isa = PBXFileReference; lastKnownFileType = file.storyboard; name = Base; path = Base.lproj/Main.storyboard; sourceTree = "<group>"; };
		BC5352262044A9F8005E8A9A /* Assets.xcassets */ = {isa = PBXFileReference; lastKnownFileType = folder.assetcatalog; path = Assets.xcassets; sourceTree = "<group>"; };
		BC5352292044A9F8005E8A9A /* Base */ = {isa = PBXFileReference; lastKnownFileType = file.storyboard; name = Base; path = Base.lproj/LaunchScreen.storyboard; sourceTree = "<group>"; };
		BC53522B2044A9F8005E8A9A /* Info.plist */ = {isa = PBXFileReference; lastKnownFileType = text.plist.xml; path = Info.plist; sourceTree = "<group>"; };
		BC5352312044AACA005E8A9A /* VirtualContentUpdater.swift */ = {isa = PBXFileReference; lastKnownFileType = sourcecode.swift; path = VirtualContentUpdater.swift; sourceTree = "<group>"; };
		BC5352332044AC48005E8A9A /* VirtualFaceContent.swift */ = {isa = PBXFileReference; lastKnownFileType = sourcecode.swift; path = VirtualFaceContent.swift; sourceTree = "<group>"; };
		BC5352352044AC76005E8A9A /* Mask.swift */ = {isa = PBXFileReference; lastKnownFileType = sourcecode.swift; path = Mask.swift; sourceTree = "<group>"; };
		BC5352372044B8D2005E8A9A /* halfred.png */ = {isa = PBXFileReference; lastKnownFileType = image.png; path = halfred.png; sourceTree = "<group>"; };
/* End PBXFileReference section */

/* Begin PBXFrameworksBuildPhase section */
		BC5352192044A9F8005E8A9A /* Frameworks */ = {
			isa = PBXFrameworksBuildPhase;
			buildActionMask = 2147483647;
			files = (
			);
			runOnlyForDeploymentPostprocessing = 0;
		};
/* End PBXFrameworksBuildPhase section */

/* Begin PBXGroup section */
		BC5352132044A9F8005E8A9A = {
			isa = PBXGroup;
			children = (
				BC53521E2044A9F8005E8A9A /* ARFaceDemo */,
				BC53521D2044A9F8005E8A9A /* Products */,
			);
			sourceTree = "<group>";
		};
		BC53521D2044A9F8005E8A9A /* Products */ = {
			isa = PBXGroup;
			children = (
				BC53521C2044A9F8005E8A9A /* ARFaceDemo.app */,
			);
			name = Products;
			sourceTree = "<group>";
		};
		BC53521E2044A9F8005E8A9A /* ARFaceDemo */ = {
			isa = PBXGroup;
			children = (
				BC53521F2044A9F8005E8A9A /* AppDelegate.swift */,
				BC5352212044A9F8005E8A9A /* ViewController.swift */,
				BC5352332044AC48005E8A9A /* VirtualFaceContent.swift */,
				BC5352372044B8D2005E8A9A /* halfred.png */,
				BC5352352044AC76005E8A9A /* Mask.swift */,
				BC5352312044AACA005E8A9A /* VirtualContentUpdater.swift */,
				BC5352232044A9F8005E8A9A /* Main.storyboard */,
				BC5352262044A9F8005E8A9A /* Assets.xcassets */,
				BC5352282044A9F8005E8A9A /* LaunchScreen.storyboard */,
				BC53522B2044A9F8005E8A9A /* Info.plist */,
			);
			path = ARFaceDemo;
			sourceTree = "<group>";
		};
/* End PBXGroup section */

/* Begin PBXNativeTarget section */
		BC53521B2044A9F8005E8A9A /* ARFaceDemo */ = {
			isa = PBXNativeTarget;
			buildConfigurationList = BC53522E2044A9F8005E8A9A /* Build configuration list for PBXNativeTarget "ARFaceDemo" */;
			buildPhases = (
				BC5352182044A9F8005E8A9A /* Sources */,
				BC5352192044A9F8005E8A9A /* Frameworks */,
				BC53521A2044A9F8005E8A9A /* Resources */,
			);
			buildRules = (
			);
			dependencies = (
			);
			name = ARFaceDemo;
			productName = ARFaceDemo;
			productReference = BC53521C2044A9F8005E8A9A /* ARFaceDemo.app */;
			productType = "com.apple.product-type.application";
		};
/* End PBXNativeTarget section */

/* Begin PBXProject section */
		BC5352142044A9F8005E8A9A /* Project object */ = {
			isa = PBXProject;
			attributes = {
				LastSwiftUpdateCheck = 0920;
				LastUpgradeCheck = 0920;
				ORGANIZATIONNAME = "Josh Edson";
				TargetAttributes = {
					BC53521B2044A9F8005E8A9A = {
						CreatedOnToolsVersion = 9.2;
						ProvisioningStyle = Automatic;
					};
				};
			};
			buildConfigurationList = BC5352172044A9F8005E8A9A /* Build configuration list for PBXProject "ARFaceDemo" */;
			compatibilityVersion = "Xcode 8.0";
			developmentRegion = en;
			hasScannedForEncodings = 0;
			knownRegions = (
				en,
				Base,
			);
			mainGroup = BC5352132044A9F8005E8A9A;
			productRefGroup = BC53521D2044A9F8005E8A9A /* Products */;
			projectDirPath = "";
			projectRoot = "";
			targets = (
				BC53521B2044A9F8005E8A9A /* ARFaceDemo */,
			);
		};
/* End PBXProject section */

/* Begin PBXResourcesBuildPhase section */
		BC53521A2044A9F8005E8A9A /* Resources */ = {
			isa = PBXResourcesBuildPhase;
			buildActionMask = 2147483647;
			files = (
				BC5352382044B8D2005E8A9A /* halfred.png in Resources */,
				BC53522A2044A9F8005E8A9A /* LaunchScreen.storyboard in Resources */,
				BC5352272044A9F8005E8A9A /* Assets.xcassets in Resources */,
				BC5352252044A9F8005E8A9A /* Main.storyboard in Resources */,
			);
			runOnlyForDeploymentPostprocessing = 0;
		};
/* End PBXResourcesBuildPhase section */

/* Begin PBXSourcesBuildPhase section */
		BC5352182044A9F8005E8A9A /* Sources */ = {
			isa = PBXSourcesBuildPhase;
			buildActionMask = 2147483647;
			files = (
				BC5352342044AC48005E8A9A /* VirtualFaceContent.swift in Sources */,
				BC5352222044A9F8005E8A9A /* ViewController.swift in Sources */,
				BC5352202044A9F8005E8A9A /* AppDelegate.swift in Sources */,
				BC5352322044AACA005E8A9A /* VirtualContentUpdater.swift in Sources */,
				BC5352362044AC76005E8A9A /* Mask.swift in Sources */,
			);
			runOnlyForDeploymentPostprocessing = 0;
		};
/* End PBXSourcesBuildPhase section */

/* Begin PBXVariantGroup section */
		BC5352232044A9F8005E8A9A /* Main.storyboard */ = {
			isa = PBXVariantGroup;
			children = (
				BC5352242044A9F8005E8A9A /* Base */,
			);
			name = Main.storyboard;
			sourceTree = "<group>";
		};
		BC5352282044A9F8005E8A9A /* LaunchScreen.storyboard */ = {
			isa = PBXVariantGroup;
			children = (
				BC5352292044A9F8005E8A9A /* Base */,
			);
			name = LaunchScreen.storyboard;
			sourceTree = "<group>";
		};
/* End PBXVariantGroup section */

/* Begin XCBuildConfiguration section */
		BC53522C2044A9F8005E8A9A /* Debug */ = {
			isa = XCBuildConfiguration;
			buildSettings = {
				ALWAYS_SEARCH_USER_PATHS = NO;
				CLANG_ANALYZER_NONNULL = YES;
				CLANG_ANALYZER_NUMBER_OBJECT_CONVERSION = YES_AGGRESSIVE;
				CLANG_CXX_LANGUAGE_STANDARD = "gnu++14";
				CLANG_CXX_LIBRARY = "libc++";
				CLANG_ENABLE_MODULES = YES;
				CLANG_ENABLE_OBJC_ARC = YES;
				CLANG_WARN_BLOCK_CAPTURE_AUTORELEASING = YES;
				CLANG_WARN_BOOL_CONVERSION = YES;
				CLANG_WARN_COMMA = YES;
				CLANG_WARN_CONSTANT_CONVERSION = YES;
				CLANG_WARN_DIRECT_OBJC_ISA_USAGE = YES_ERROR;
				CLANG_WARN_DOCUMENTATION_COMMENTS = YES;
				CLANG_WARN_EMPTY_BODY = YES;
				CLANG_WARN_ENUM_CONVERSION = YES;
				CLANG_WARN_INFINITE_RECURSION = YES;
				CLANG_WARN_INT_CONVERSION = YES;
				CLANG_WARN_NON_LITERAL_NULL_CONVERSION = YES;
				CLANG_WARN_OBJC_LITERAL_CONVERSION = YES;
				CLANG_WARN_OBJC_ROOT_CLASS = YES_ERROR;
				CLANG_WARN_RANGE_LOOP_ANALYSIS = YES;
				CLANG_WARN_STRICT_PROTOTYPES = YES;
				CLANG_WARN_SUSPICIOUS_MOVE = YES;
				CLANG_WARN_UNGUARDED_AVAILABILITY = YES_AGGRESSIVE;
				CLANG_WARN_UNREACHABLE_CODE = YES;
				CLANG_WARN__DUPLICATE_METHOD_MATCH = YES;
				CODE_SIGN_IDENTITY = "iPhone Developer";
				COPY_PHASE_STRIP = NO;
				DEBUG_INFORMATION_FORMAT = dwarf;
				ENABLE_STRICT_OBJC_MSGSEND = YES;
				ENABLE_TESTABILITY = YES;
				GCC_C_LANGUAGE_STANDARD = gnu11;
				GCC_DYNAMIC_NO_PIC = NO;
				GCC_NO_COMMON_BLOCKS = YES;
				GCC_OPTIMIZATION_LEVEL = 0;
				GCC_PREPROCESSOR_DEFINITIONS = (
					"DEBUG=1",
					"$(inherited)",
				);
				GCC_WARN_64_TO_32_BIT_CONVERSION = YES;
				GCC_WARN_ABOUT_RETURN_TYPE = YES_ERROR;
				GCC_WARN_UNDECLARED_SELECTOR = YES;
				GCC_WARN_UNINITIALIZED_AUTOS = YES_AGGRESSIVE;
				GCC_WARN_UNUSED_FUNCTION = YES;
				GCC_WARN_UNUSED_VARIABLE = YES;
				IPHONEOS_DEPLOYMENT_TARGET = 11.2;
				MTL_ENABLE_DEBUG_INFO = YES;
				ONLY_ACTIVE_ARCH = YES;
				SDKROOT = iphoneos;
				SWIFT_ACTIVE_COMPILATION_CONDITIONS = DEBUG;
				SWIFT_OPTIMIZATION_LEVEL = "-Onone";
			};
			name = Debug;
		};
		BC53522D2044A9F8005E8A9A /* Release */ = {
			isa = XCBuildConfiguration;
			buildSettings = {
				ALWAYS_SEARCH_USER_PATHS = NO;
				CLANG_ANALYZER_NONNULL = YES;
				CLANG_ANALYZER_NUMBER_OBJECT_CONVERSION = YES_AGGRESSIVE;
				CLANG_CXX_LANGUAGE_STANDARD = "gnu++14";
				CLANG_CXX_LIBRARY = "libc++";
				CLANG_ENABLE_MODULES = YES;
				CLANG_ENABLE_OBJC_ARC = YES;
				CLANG_WARN_BLOCK_CAPTURE_AUTORELEASING = YES;
				CLANG_WARN_BOOL_CONVERSION = YES;
				CLANG_WARN_COMMA = YES;
				CLANG_WARN_CONSTANT_CONVERSION = YES;
				CLANG_WARN_DIRECT_OBJC_ISA_USAGE = YES_ERROR;
				CLANG_WARN_DOCUMENTATION_COMMENTS = YES;
				CLANG_WARN_EMPTY_BODY = YES;
				CLANG_WARN_ENUM_CONVERSION = YES;
				CLANG_WARN_INFINITE_RECURSION = YES;
				CLANG_WARN_INT_CONVERSION = YES;
				CLANG_WARN_NON_LITERAL_NULL_CONVERSION = YES;
				CLANG_WARN_OBJC_LITERAL_CONVERSION = YES;
				CLANG_WARN_OBJC_ROOT_CLASS = YES_ERROR;
				CLANG_WARN_RANGE_LOOP_ANALYSIS = YES;
				CLANG_WARN_STRICT_PROTOTYPES = YES;
				CLANG_WARN_SUSPICIOUS_MOVE = YES;
				CLANG_WARN_UNGUARDED_AVAILABILITY = YES_AGGRESSIVE;
				CLANG_WARN_UNREACHABLE_CODE = YES;
				CLANG_WARN__DUPLICATE_METHOD_MATCH = YES;
				CODE_SIGN_IDENTITY = "iPhone Developer";
				COPY_PHASE_STRIP = NO;
				DEBUG_INFORMATION_FORMAT = "dwarf-with-dsym";
				ENABLE_NS_ASSERTIONS = NO;
				ENABLE_STRICT_OBJC_MSGSEND = YES;
				GCC_C_LANGUAGE_STANDARD = gnu11;
				GCC_NO_COMMON_BLOCKS = YES;
				GCC_WARN_64_TO_32_BIT_CONVERSION = YES;
				GCC_WARN_ABOUT_RETURN_TYPE = YES_ERROR;
				GCC_WARN_UNDECLARED_SELECTOR = YES;
				GCC_WARN_UNINITIALIZED_AUTOS = YES_AGGRESSIVE;
				GCC_WARN_UNUSED_FUNCTION = YES;
				GCC_WARN_UNUSED_VARIABLE = YES;
				IPHONEOS_DEPLOYMENT_TARGET = 11.2;
				MTL_ENABLE_DEBUG_INFO = NO;
				SDKROOT = iphoneos;
				SWIFT_OPTIMIZATION_LEVEL = "-Owholemodule";
				VALIDATE_PRODUCT = YES;
			};
			name = Release;
		};
		BC53522F2044A9F8005E8A9A /* Debug */ = {
			isa = XCBuildConfiguration;
			buildSettings = {
				ASSETCATALOG_COMPILER_APPICON_NAME = AppIcon;
				CODE_SIGN_STYLE = Automatic;
				DEVELOPMENT_TEAM = CH2T3PYZJY;
				INFOPLIST_FILE = ARFaceDemo/Info.plist;
				LD_RUNPATH_SEARCH_PATHS = "$(inherited) @executable_path/Frameworks";
				PRODUCT_BUNDLE_IDENTIFIER = com.alphamonkey.ARFaceDemo;
				PRODUCT_NAME = "$(TARGET_NAME)";
				SWIFT_VERSION = 4.0;
				TARGETED_DEVICE_FAMILY = "1,2";
			};
			name = Debug;
		};
		BC5352302044A9F8005E8A9A /* Release */ = {
			isa = XCBuildConfiguration;
			buildSettings = {
				ASSETCATALOG_COMPILER_APPICON_NAME = AppIcon;
				CODE_SIGN_STYLE = Automatic;
				DEVELOPMENT_TEAM = CH2T3PYZJY;
				INFOPLIST_FILE = ARFaceDemo/Info.plist;
				LD_RUNPATH_SEARCH_PATHS = "$(inherited) @executable_path/Frameworks";
				PRODUCT_BUNDLE_IDENTIFIER = com.alphamonkey.ARFaceDemo;
				PRODUCT_NAME = "$(TARGET_NAME)";
				SWIFT_VERSION = 4.0;
				TARGETED_DEVICE_FAMILY = "1,2";
			};
			name = Release;
		};
/* End XCBuildConfiguration section */

/* Begin XCConfigurationList section */
		BC5352172044A9F8005E8A9A /* Build configuration list for PBXProject "ARFaceDemo" */ = {
			isa = XCConfigurationList;
			buildConfigurations = (
				BC53522C2044A9F8005E8A9A /* Debug */,
				BC53522D2044A9F8005E8A9A /* Release */,
			);
			defaultConfigurationIsVisible = 0;
			defaultConfigurationName = Release;
		};
		BC53522E2044A9F8005E8A9A /* Build configuration list for PBXNativeTarget "ARFaceDemo" */ = {
			isa = XCConfigurationList;
			buildConfigurations = (
				BC53522F2044A9F8005E8A9A /* Debug */,
				BC5352302044A9F8005E8A9A /* Release */,
			);
			defaultConfigurationIsVisible = 0;
			defaultConfigurationName = Release;
		};
/* End XCConfigurationList section */
	};
	rootObject = BC5352142044A9F8005E8A9A /* Project object */;
}
